<Solution>
  <Folder Name="/Inventory/">
    <Project Path="Inventory/Inventory.Api/Inventory.Api.csproj" />
    <Project Path="Inventory/Inventory.Application/Inventory.Application.csproj" />
    <Project Path="Inventory/Inventory.Domain/Inventory.Domain.csproj" />
    <Project Path="Inventory/Inventory.Infrastructure/Inventory.Infrastructure.csproj" />
  </Folder>
  <Folder Name="/Order/">
    <Project Path="Order/Order.Api/Order.Api.csproj" />
    <Project Path="Order/Order.Application/Order.Application.csproj" />
    <Project Path="Order/Order.Domain/Order.Domain.csproj" />
    <Project Path="Order/Order.Infrastructure/Order.Infrastructure.csproj" />
  </Folder>
  <Folder Name="/Shared/">
    <Project Path="Shared/Shared.Contracts/Shared.Contracts.csproj" />
  </Folder>
  <Project Path="EventDrivenOrder.AppHost/EventDrivenOrder.AppHost.csproj" />
</Solution>
