<Solution>
  <Folder Name="/Inventory/">
    <Project Path="Inventory.Domain/Inventory.Domain.csproj" />
    <Project Path="Inventory.Events/Inventory.Events.csproj" />
    <Project Path="Inventory.Infrastructure/Inventory.Infrastructure.csproj" />
  </Folder>
  <Folder Name="/Order/">
    <Project Path="Order.Domain/Order.Domain.csproj" />
    <Project Path="Order.Events/Order.Events.csproj" />
    <Project Path="Order.Infrastructure/Order.Infrastructure.csproj" />
  </Folder>
  <Folder Name="/Shared/">
    <Project Path="Shared.Contracts/Shared.Contracts.csproj" />
  </Folder>
</Solution>
