<Solution>
  <Folder Name="/Inventory/">
    <Project Path="Inventory.Events/Inventory.Events.csproj" />
  </Folder>
  <Folder Name="/Order/">
    <Project Path="Order.Events/Order.Events.csproj" />
  </Folder>
  <Folder Name="/Shared/">
    <Project Path="Shared.Contracts/Shared.Contracts.csproj" />
  </Folder>
</Solution>
